
Microsoft Visual Studio Solution File, Format Version 12.00
# Visual Studio Version 17
VisualStudioVersion = 17.5.33502.453
MinimumVisualStudioVersion = 10.0.40219.1
Project("{FAE04EC0-301F-11D3-BF4B-00C04F79EFBC}") = "MailClient", "MailClient\MailClient.csproj", "{EE9B356E-2016-4D95-8CC4-52581FB37296}"
EndProject
Global
	GlobalSection(SolutionConfigurationPlatforms) = preSolution
		Debug|Any CPU = Debug|Any CPU
		Release|Any CPU = Release|Any CPU
	EndGlobalSection
	GlobalSection(ProjectConfigurationPlatforms) = postSolution
		{EE9B356E-2016-4D95-8CC4-52581FB37296}.Debug|Any CPU.ActiveCfg = Debug|Any CPU
		{EE9B356E-2016-4D95-8CC4-52581FB37296}.Debug|Any CPU.Build.0 = Debug|Any CPU
		{EE9B356E-2016-4D95-8CC4-52581FB37296}.Release|Any CPU.ActiveCfg = Release|Any CPU
		{EE9B356E-2016-4D95-8CC4-52581FB37296}.Release|Any CPU.Build.0 = Release|Any CPU
	EndGlobalSection
	GlobalSection(SolutionProperties) = preSolution
		HideSolutionNode = FALSE
	EndGlobalSection
	GlobalSection(ExtensibilityGlobals) = postSolution
		SolutionGuid = {9C521DA3-BFBA-4CF0-B0E3-6B7A44189599}
	EndGlobalSection
EndGlobal
